// !$*UTF8*$!
{
	archiveVersion = 1;
	classes = {
	};
	objectVersion = 56;
	objects = {

/* Begin PBXBuildFile section */
		EB3C76822B455C9A00E5C7B1 /* RestartApp.swift in Sources */ = {isa = PBXBuildFile; fileRef = EB3C76812B455C9900E5C7B1 /* RestartApp.swift */; };
		EB3C76842B455C9A00E5C7B1 /* ContentView.swift in Sources */ = {isa = PBXBuildFile; fileRef = EB3C76832B455C9A00E5C7B1 /* ContentView.swift */; };
		EB3C76862B455CA000E5C7B1 /* Assets.xcassets in Resources */ = {isa = PBXBuildFile; fileRef = EB3C76852B455CA000E5C7B1 /* Assets.xcassets */; };
		EB3C76892B455CA000E5C7B1 /* Preview Assets.xcassets in Resources */ = {isa = PBXBuildFile; fileRef = EB3C76882B455CA000E5C7B1 /* Preview Assets.xcassets */; };
		EB3C76932B455D8800E5C7B1 /* success.m4a in Resources */ = {isa = PBXBuildFile; fileRef = EB3C76912B455D8800E5C7B1 /* success.m4a */; };
		EB3C76942B455D8800E5C7B1 /* chimeup.mp3 in Resources */ = {isa = PBXBuildFile; fileRef = EB3C76922B455D8800E5C7B1 /* chimeup.mp3 */; };
		EB3C769B2B45626200E5C7B1 /* OnBoardingView.swift in Sources */ = {isa = PBXBuildFile; fileRef = EB3C769A2B45626200E5C7B1 /* OnBoardingView.swift */; };
		EB3C769D2B45628D00E5C7B1 /* HomeView.swift in Sources */ = {isa = PBXBuildFile; fileRef = EB3C769C2B45628D00E5C7B1 /* HomeView.swift */; };
		EB3C76A02B4590CA00E5C7B1 /* CircleAvatars.swift in Sources */ = {isa = PBXBuildFile; fileRef = EB3C769F2B4590CA00E5C7B1 /* CircleAvatars.swift */; };
		EB3C76A22B45A33200E5C7B1 /* AudioPlayer.swift in Sources */ = {isa = PBXBuildFile; fileRef = EB3C76A12B45A33200E5C7B1 /* AudioPlayer.swift */; };
/* End PBXBuildFile section */

/* Begin PBXFileReference section */
		EB3C767E2B455C9900E5C7B1 /* Restart.app */ = {isa = PBXFileReference; explicitFileType = wrapper.application; includeInIndex = 0; path = Restart.app; sourceTree = BUILT_PRODUCTS_DIR; };
		EB3C76812B455C9900E5C7B1 /* RestartApp.swift */ = {isa = PBXFileReference; lastKnownFileType = sourcecode.swift; path = RestartApp.swift; sourceTree = "<group>"; };
		EB3C76832B455C9A00E5C7B1 /* ContentView.swift */ = {isa = PBXFileReference; lastKnownFileType = sourcecode.swift; path = ContentView.swift; sourceTree = "<group>"; };
		EB3C76852B455CA000E5C7B1 /* Assets.xcassets */ = {isa = PBXFileReference; lastKnownFileType = folder.assetcatalog; path = Assets.xcassets; sourceTree = "<group>"; };
		EB3C76882B455CA000E5C7B1 /* Preview Assets.xcassets */ = {isa = PBXFileReference; lastKnownFileType = folder.assetcatalog; path = "Preview Assets.xcassets"; sourceTree = "<group>"; };
		EB3C76912B455D8800E5C7B1 /* success.m4a */ = {isa = PBXFileReference; lastKnownFileType = file; path = success.m4a; sourceTree = "<group>"; };
		EB3C76922B455D8800E5C7B1 /* chimeup.mp3 */ = {isa = PBXFileReference; lastKnownFileType = audio.mp3; path = chimeup.mp3; sourceTree = "<group>"; };
		EB3C76992B4561B800E5C7B1 /* Info.plist */ = {isa = PBXFileReference; lastKnownFileType = text.plist; path = Info.plist; sourceTree = "<group>"; };
		EB3C769A2B45626200E5C7B1 /* OnBoardingView.swift */ = {isa = PBXFileReference; lastKnownFileType = sourcecode.swift; path = OnBoardingView.swift; sourceTree = "<group>"; };
		EB3C769C2B45628D00E5C7B1 /* HomeView.swift */ = {isa = PBXFileReference; lastKnownFileType = sourcecode.swift; path = HomeView.swift; sourceTree = "<group>"; };
		EB3C769F2B4590CA00E5C7B1 /* CircleAvatars.swift */ = {isa = PBXFileReference; lastKnownFileType = sourcecode.swift; path = CircleAvatars.swift; sourceTree = "<group>"; };
		EB3C76A12B45A33200E5C7B1 /* AudioPlayer.swift */ = {isa = PBXFileReference; lastKnownFileType = sourcecode.swift; path = AudioPlayer.swift; sourceTree = "<group>"; };
/* End PBXFileReference section */

/* Begin PBXFrameworksBuildPhase section */
		EB3C767B2B455C9900E5C7B1 /* Frameworks */ = {
			isa = PBXFrameworksBuildPhase;
			buildActionMask = 2147483647;
			files = (
			);
			runOnlyForDeploymentPostprocessing = 0;
		};
/* End PBXFrameworksBuildPhase section */

/* Begin PBXGroup section */
		EB3C76752B455C9900E5C7B1 = {
			isa = PBXGroup;
			children = (
				EB3C76802B455C9900E5C7B1 /* Restart */,
				EB3C767F2B455C9900E5C7B1 /* Products */,
			);
			sourceTree = "<group>";
		};
		EB3C767F2B455C9900E5C7B1 /* Products */ = {
			isa = PBXGroup;
			children = (
				EB3C767E2B455C9900E5C7B1 /* Restart.app */,
			);
			name = Products;
			sourceTree = "<group>";
		};
		EB3C76802B455C9900E5C7B1 /* Restart */ = {
			isa = PBXGroup;
			children = (
				EB3C76992B4561B800E5C7B1 /* Info.plist */,
				EB3C76982B455F0000E5C7B1 /* Utilities */,
				EB3C76972B455EEF00E5C7B1 /* Views */,
				EB3C76962B455EE400E5C7B1 /* Screens */,
				EB3C76952B455DAC00E5C7B1 /* Sounds */,
				EB3C76812B455C9900E5C7B1 /* RestartApp.swift */,
				EB3C76852B455CA000E5C7B1 /* Assets.xcassets */,
				EB3C76872B455CA000E5C7B1 /* Preview Content */,
			);
			path = Restart;
			sourceTree = "<group>";
		};
		EB3C76872B455CA000E5C7B1 /* Preview Content */ = {
			isa = PBXGroup;
			children = (
				EB3C76882B455CA000E5C7B1 /* Preview Assets.xcassets */,
			);
			path = "Preview Content";
			sourceTree = "<group>";
		};
		EB3C76952B455DAC00E5C7B1 /* Sounds */ = {
			isa = PBXGroup;
			children = (
				EB3C76912B455D8800E5C7B1 /* success.m4a */,
				EB3C76922B455D8800E5C7B1 /* chimeup.mp3 */,
			);
			path = Sounds;
			sourceTree = "<group>";
		};
		EB3C76962B455EE400E5C7B1 /* Screens */ = {
			isa = PBXGroup;
			children = (
				EB3C76832B455C9A00E5C7B1 /* ContentView.swift */,
				EB3C769A2B45626200E5C7B1 /* OnBoardingView.swift */,
				EB3C769C2B45628D00E5C7B1 /* HomeView.swift */,
			);
			path = Screens;
			sourceTree = "<group>";
		};
		EB3C76972B455EEF00E5C7B1 /* Views */ = {
			isa = PBXGroup;
			children = (
				EB3C769F2B4590CA00E5C7B1 /* CircleAvatars.swift */,
			);
			path = Views;
			sourceTree = "<group>";
		};
		EB3C76982B455F0000E5C7B1 /* Utilities */ = {
			isa = PBXGroup;
			children = (
				EB3C76A12B45A33200E5C7B1 /* AudioPlayer.swift */,
			);
			path = Utilities;
			sourceTree = "<group>";
		};
/* End PBXGroup section */

/* Begin PBXNativeTarget section */
		EB3C767D2B455C9900E5C7B1 /* Restart */ = {
			isa = PBXNativeTarget;
			buildConfigurationList = EB3C768C2B455CA000E5C7B1 /* Build configuration list for PBXNativeTarget "Restart" */;
			buildPhases = (
				EB3C767A2B455C9900E5C7B1 /* Sources */,
				EB3C767B2B455C9900E5C7B1 /* Frameworks */,
				EB3C767C2B455C9900E5C7B1 /* Resources */,
			);
			buildRules = (
			);
			dependencies = (
			);
			name = Restart;
			productName = Restart;
			productReference = EB3C767E2B455C9900E5C7B1 /* Restart.app */;
			productType = "com.apple.product-type.application";
		};
/* End PBXNativeTarget section */

/* Begin PBXProject section */
		EB3C76762B455C9900E5C7B1 /* Project object */ = {
			isa = PBXProject;
			attributes = {
				BuildIndependentTargetsInParallel = 1;
				LastSwiftUpdateCheck = 1420;
				LastUpgradeCheck = 1420;
				TargetAttributes = {
					EB3C767D2B455C9900E5C7B1 = {
						CreatedOnToolsVersion = 14.2;
					};
				};
			};
			buildConfigurationList = EB3C76792B455C9900E5C7B1 /* Build configuration list for PBXProject "Restart" */;
			compatibilityVersion = "Xcode 14.0";
			developmentRegion = en;
			hasScannedForEncodings = 0;
			knownRegions = (
				en,
				Base,
			);
			mainGroup = EB3C76752B455C9900E5C7B1;
			productRefGroup = EB3C767F2B455C9900E5C7B1 /* Products */;
			projectDirPath = "";
			projectRoot = "";
			targets = (
				EB3C767D2B455C9900E5C7B1 /* Restart */,
			);
		};
/* End PBXProject section */

/* Begin PBXResourcesBuildPhase section */
		EB3C767C2B455C9900E5C7B1 /* Resources */ = {
			isa = PBXResourcesBuildPhase;
			buildActionMask = 2147483647;
			files = (
				EB3C76932B455D8800E5C7B1 /* success.m4a in Resources */,
				EB3C76892B455CA000E5C7B1 /* Preview Assets.xcassets in Resources */,
				EB3C76942B455D8800E5C7B1 /* chimeup.mp3 in Resources */,
				EB3C76862B455CA000E5C7B1 /* Assets.xcassets in Resources */,
			);
			runOnlyForDeploymentPostprocessing = 0;
		};
/* End PBXResourcesBuildPhase section */

/* Begin PBXSourcesBuildPhase section */
		EB3C767A2B455C9900E5C7B1 /* Sources */ = {
			isa = PBXSourcesBuildPhase;
			buildActionMask = 2147483647;
			files = (
				EB3C769B2B45626200E5C7B1 /* OnBoardingView.swift in Sources */,
				EB3C769D2B45628D00E5C7B1 /* HomeView.swift in Sources */,
				EB3C76842B455C9A00E5C7B1 /* ContentView.swift in Sources */,
				EB3C76A02B4590CA00E5C7B1 /* CircleAvatars.swift in Sources */,
				EB3C76822B455C9A00E5C7B1 /* RestartApp.swift in Sources */,
				EB3C76A22B45A33200E5C7B1 /* AudioPlayer.swift in Sources */,
			);
			runOnlyForDeploymentPostprocessing = 0;
		};
/* End PBXSourcesBuildPhase section */

/* Begin XCBuildConfiguration section */
		EB3C768A2B455CA000E5C7B1 /* Debug */ = {
			isa = XCBuildConfiguration;
			buildSettings = {
				ALWAYS_SEARCH_USER_PATHS = NO;
				CLANG_ANALYZER_NONNULL = YES;
				CLANG_ANALYZER_NUMBER_OBJECT_CONVERSION = YES_AGGRESSIVE;
				CLANG_CXX_LANGUAGE_STANDARD = "gnu++20";
				CLANG_ENABLE_MODULES = YES;
				CLANG_ENABLE_OBJC_ARC = YES;
				CLANG_ENABLE_OBJC_WEAK = YES;
				CLANG_WARN_BLOCK_CAPTURE_AUTORELEASING = YES;
				CLANG_WARN_BOOL_CONVERSION = YES;
				CLANG_WARN_COMMA = YES;
				CLANG_WARN_CONSTANT_CONVERSION = YES;
				CLANG_WARN_DEPRECATED_OBJC_IMPLEMENTATIONS = YES;
				CLANG_WARN_DIRECT_OBJC_ISA_USAGE = YES_ERROR;
				CLANG_WARN_DOCUMENTATION_COMMENTS = YES;
				CLANG_WARN_EMPTY_BODY = YES;
				CLANG_WARN_ENUM_CONVERSION = YES;
				CLANG_WARN_INFINITE_RECURSION = YES;
				CLANG_WARN_INT_CONVERSION = YES;
				CLANG_WARN_NON_LITERAL_NULL_CONVERSION = YES;
				CLANG_WARN_OBJC_IMPLICIT_RETAIN_SELF = YES;
				CLANG_WARN_OBJC_LITERAL_CONVERSION = YES;
				CLANG_WARN_OBJC_ROOT_CLASS = YES_ERROR;
				CLANG_WARN_QUOTED_INCLUDE_IN_FRAMEWORK_HEADER = YES;
				CLANG_WARN_RANGE_LOOP_ANALYSIS = YES;
				CLANG_WARN_STRICT_PROTOTYPES = YES;
				CLANG_WARN_SUSPICIOUS_MOVE = YES;
				CLANG_WARN_UNGUARDED_AVAILABILITY = YES_AGGRESSIVE;
				CLANG_WARN_UNREACHABLE_CODE = YES;
				CLANG_WARN__DUPLICATE_METHOD_MATCH = YES;
				COPY_PHASE_STRIP = NO;
				DEBUG_INFORMATION_FORMAT = dwarf;
				ENABLE_STRICT_OBJC_MSGSEND = YES;
				ENABLE_TESTABILITY = YES;
				GCC_C_LANGUAGE_STANDARD = gnu11;
				GCC_DYNAMIC_NO_PIC = NO;
				GCC_NO_COMMON_BLOCKS = YES;
				GCC_OPTIMIZATION_LEVEL = 0;
				GCC_PREPROCESSOR_DEFINITIONS = (
					"DEBUG=1",
					"$(inherited)",
				);
				GCC_WARN_64_TO_32_BIT_CONVERSION = YES;
				GCC_WARN_ABOUT_RETURN_TYPE = YES_ERROR;
				GCC_WARN_UNDECLARED_SELECTOR = YES;
				GCC_WARN_UNINITIALIZED_AUTOS = YES_AGGRESSIVE;
				GCC_WARN_UNUSED_FUNCTION = YES;
				GCC_WARN_UNUSED_VARIABLE = YES;
				IPHONEOS_DEPLOYMENT_TARGET = 16.2;
				MTL_ENABLE_DEBUG_INFO = INCLUDE_SOURCE;
				MTL_FAST_MATH = YES;
				ONLY_ACTIVE_ARCH = YES;
				SDKROOT = iphoneos;
				SWIFT_ACTIVE_COMPILATION_CONDITIONS = DEBUG;
				SWIFT_OPTIMIZATION_LEVEL = "-Onone";
			};
			name = Debug;
		};
		EB3C768B2B455CA000E5C7B1 /* Release */ = {
			isa = XCBuildConfiguration;
			buildSettings = {
				ALWAYS_SEARCH_USER_PATHS = NO;
				CLANG_ANALYZER_NONNULL = YES;
				CLANG_ANALYZER_NUMBER_OBJECT_CONVERSION = YES_AGGRESSIVE;
				CLANG_CXX_LANGUAGE_STANDARD = "gnu++20";
				CLANG_ENABLE_MODULES = YES;
				CLANG_ENABLE_OBJC_ARC = YES;
				CLANG_ENABLE_OBJC_WEAK = YES;
				CLANG_WARN_BLOCK_CAPTURE_AUTORELEASING = YES;
				CLANG_WARN_BOOL_CONVERSION = YES;
				CLANG_WARN_COMMA = YES;
				CLANG_WARN_CONSTANT_CONVERSION = YES;
				CLANG_WARN_DEPRECATED_OBJC_IMPLEMENTATIONS = YES;
				CLANG_WARN_DIRECT_OBJC_ISA_USAGE = YES_ERROR;
				CLANG_WARN_DOCUMENTATION_COMMENTS = YES;
				CLANG_WARN_EMPTY_BODY = YES;
				CLANG_WARN_ENUM_CONVERSION = YES;
				CLANG_WARN_INFINITE_RECURSION = YES;
				CLANG_WARN_INT_CONVERSION = YES;
				CLANG_WARN_NON_LITERAL_NULL_CONVERSION = YES;
				CLANG_WARN_OBJC_IMPLICIT_RETAIN_SELF = YES;
				CLANG_WARN_OBJC_LITERAL_CONVERSION = YES;
				CLANG_WARN_OBJC_ROOT_CLASS = YES_ERROR;
				CLANG_WARN_QUOTED_INCLUDE_IN_FRAMEWORK_HEADER = YES;
				CLANG_WARN_RANGE_LOOP_ANALYSIS = YES;
				CLANG_WARN_STRICT_PROTOTYPES = YES;
				CLANG_WARN_SUSPICIOUS_MOVE = YES;
				CLANG_WARN_UNGUARDED_AVAILABILITY = YES_AGGRESSIVE;
				CLANG_WARN_UNREACHABLE_CODE = YES;
				CLANG_WARN__DUPLICATE_METHOD_MATCH = YES;
				COPY_PHASE_STRIP = NO;
				DEBUG_INFORMATION_FORMAT = "dwarf-with-dsym";
				ENABLE_NS_ASSERTIONS = NO;
				ENABLE_STRICT_OBJC_MSGSEND = YES;
				GCC_C_LANGUAGE_STANDARD = gnu11;
				GCC_NO_COMMON_BLOCKS = YES;
				GCC_WARN_64_TO_32_BIT_CONVERSION = YES;
				GCC_WARN_ABOUT_RETURN_TYPE = YES_ERROR;
				GCC_WARN_UNDECLARED_SELECTOR = YES;
				GCC_WARN_UNINITIALIZED_AUTOS = YES_AGGRESSIVE;
				GCC_WARN_UNUSED_FUNCTION = YES;
				GCC_WARN_UNUSED_VARIABLE = YES;
				IPHONEOS_DEPLOYMENT_TARGET = 16.2;
				MTL_ENABLE_DEBUG_INFO = NO;
				MTL_FAST_MATH = YES;
				SDKROOT = iphoneos;
				SWIFT_COMPILATION_MODE = wholemodule;
				SWIFT_OPTIMIZATION_LEVEL = "-O";
				VALIDATE_PRODUCT = YES;
			};
			name = Release;
		};
		EB3C768D2B455CA000E5C7B1 /* Debug */ = {
			isa = XCBuildConfiguration;
			buildSettings = {
				ASSETCATALOG_COMPILER_APPICON_NAME = AppIcon;
				ASSETCATALOG_COMPILER_GLOBAL_ACCENT_COLOR_NAME = AccentColor;
				CODE_SIGN_STYLE = Automatic;
				CURRENT_PROJECT_VERSION = 1;
				DEVELOPMENT_ASSET_PATHS = "\"Restart/Preview Content\"";
				DEVELOPMENT_TEAM = GM435G2BSR;
				ENABLE_PREVIEWS = YES;
				GENERATE_INFOPLIST_FILE = YES;
				INFOPLIST_FILE = Restart/Info.plist;
				INFOPLIST_KEY_UIApplicationSceneManifest_Generation = YES;
				INFOPLIST_KEY_UIApplicationSupportsIndirectInputEvents = YES;
				INFOPLIST_KEY_UISupportedInterfaceOrientations = UIInterfaceOrientationPortrait;
				INFOPLIST_KEY_UISupportedInterfaceOrientations_iPad = "UIInterfaceOrientationLandscapeLeft UIInterfaceOrientationLandscapeRight UIInterfaceOrientationPortrait UIInterfaceOrientationPortraitUpsideDown";
				LD_RUNPATH_SEARCH_PATHS = (
					"$(inherited)",
					"@executable_path/Frameworks",
				);
				MARKETING_VERSION = 1.0;
				PRODUCT_BUNDLE_IDENTIFIER = ke.co.Restart;
				PRODUCT_NAME = "$(TARGET_NAME)";
				SWIFT_EMIT_LOC_STRINGS = YES;
				SWIFT_VERSION = 5.0;
				TARGETED_DEVICE_FAMILY = "1,2";
			};
			name = Debug;
		};
		EB3C768E2B455CA000E5C7B1 /* Release */ = {
			isa = XCBuildConfiguration;
			buildSettings = {
				ASSETCATALOG_COMPILER_APPICON_NAME = AppIcon;
				ASSETCATALOG_COMPILER_GLOBAL_ACCENT_COLOR_NAME = AccentColor;
				CODE_SIGN_STYLE = Automatic;
				CURRENT_PROJECT_VERSION = 1;
				DEVELOPMENT_ASSET_PATHS = "\"Restart/Preview Content\"";
				DEVELOPMENT_TEAM = GM435G2BSR;
				ENABLE_PREVIEWS = YES;
				GENERATE_INFOPLIST_FILE = YES;
				INFOPLIST_FILE = Restart/Info.plist;
				INFOPLIST_KEY_UIApplicationSceneManifest_Generation = YES;
				INFOPLIST_KEY_UIApplicationSupportsIndirectInputEvents = YES;
				INFOPLIST_KEY_UISupportedInterfaceOrientations = UIInterfaceOrientationPortrait;
				INFOPLIST_KEY_UISupportedInterfaceOrientations_iPad = "UIInterfaceOrientationLandscapeLeft UIInterfaceOrientationLandscapeRight UIInterfaceOrientationPortrait UIInterfaceOrientationPortraitUpsideDown";
				LD_RUNPATH_SEARCH_PATHS = (
					"$(inherited)",
					"@executable_path/Frameworks",
				);
				MARKETING_VERSION = 1.0;
				PRODUCT_BUNDLE_IDENTIFIER = ke.co.Restart;
				PRODUCT_NAME = "$(TARGET_NAME)";
				SWIFT_EMIT_LOC_STRINGS = YES;
				SWIFT_VERSION = 5.0;
				TARGETED_DEVICE_FAMILY = "1,2";
			};
			name = Release;
		};
/* End XCBuildConfiguration section */

/* Begin XCConfigurationList section */
		EB3C76792B455C9900E5C7B1 /* Build configuration list for PBXProject "Restart" */ = {
			isa = XCConfigurationList;
			buildConfigurations = (
				EB3C768A2B455CA000E5C7B1 /* Debug */,
				EB3C768B2B455CA000E5C7B1 /* Release */,
			);
			defaultConfigurationIsVisible = 0;
			defaultConfigurationName = Release;
		};
		EB3C768C2B455CA000E5C7B1 /* Build configuration list for PBXNativeTarget "Restart" */ = {
			isa = XCConfigurationList;
			buildConfigurations = (
				EB3C768D2B455CA000E5C7B1 /* Debug */,
				EB3C768E2B455CA000E5C7B1 /* Release */,
			);
			defaultConfigurationIsVisible = 0;
			defaultConfigurationName = Release;
		};
/* End XCConfigurationList section */
	};
	rootObject = EB3C76762B455C9900E5C7B1 /* Project object */;
}
